# THIS IS AN AUTOGENERATED FILE. DO NOT EDIT THIS FILE DIRECTLY.
# yarn lockfile v1


"@esbuild/darwin-x64@0.19.8":
  "version" "0.19.8"

"@rollup/rollup-darwin-x64@4.6.1":
  "version" "4.6.1"

"@types/prop-types@*":
  "version" "15.7.11"

"@types/react-dom@17":
  "version" "17.0.25"
  dependencies:
    "@types/react" "^17"

"@types/react@^17", "@types/react@17":
  "version" "17.0.71"
  dependencies:
    "@types/prop-types" "*"
    "@types/scheduler" "*"
    "csstype" "^3.0.2"

"@types/scheduler@*":
  "version" "0.16.8"

"csstype@^3.0.2":
  "version" "3.1.2"

"esbuild@^0.19.3":
  "version" "0.19.8"
  optionalDependencies:
    "@esbuild/android-arm" "0.19.8"
    "@esbuild/android-arm64" "0.19.8"
    "@esbuild/android-x64" "0.19.8"
    "@esbuild/darwin-arm64" "0.19.8"
    "@esbuild/darwin-x64" "0.19.8"
    "@esbuild/freebsd-arm64" "0.19.8"
    "@esbuild/freebsd-x64" "0.19.8"
    "@esbuild/linux-arm" "0.19.8"
    "@esbuild/linux-arm64" "0.19.8"
    "@esbuild/linux-ia32" "0.19.8"
    "@esbuild/linux-loong64" "0.19.8"
    "@esbuild/linux-mips64el" "0.19.8"
    "@esbuild/linux-ppc64" "0.19.8"
    "@esbuild/linux-riscv64" "0.19.8"
    "@esbuild/linux-s390x" "0.19.8"
    "@esbuild/linux-x64" "0.19.8"
    "@esbuild/netbsd-x64" "0.19.8"
    "@esbuild/openbsd-x64" "0.19.8"
    "@esbuild/sunos-x64" "0.19.8"
    "@esbuild/win32-arm64" "0.19.8"
    "@esbuild/win32-ia32" "0.19.8"
    "@esbuild/win32-x64" "0.19.8"

"fsevents@~2.3.2", "fsevents@~2.3.3":
  "version" "2.3.3"

"js-tokens@^3.0.0 || ^4.0.0":
  "version" "4.0.0"

"loose-envify@^1.1.0":
  "version" "1.4.0"
  dependencies:
    "js-tokens" "^3.0.0 || ^4.0.0"

"lowcoder-dev-utils@^0.0.6":
  "version" "0.0.6"

"lowcoder-sdk@^2.1.9":
  "version" "2.1.9"

"nanoid@^3.3.7":
  "version" "3.3.7"

"object-assign@^4.1.1":
  "version" "4.1.1"

"picocolors@^1.0.0":
  "version" "1.0.0"

"postcss@^8.4.32":
  "version" "8.4.32"
  dependencies:
    "nanoid" "^3.3.7"
    "picocolors" "^1.0.0"
    "source-map-js" "^1.0.2"

"react-dom@>=17", "react-dom@17":
  "version" "17.0.2"
  dependencies:
    "loose-envify" "^1.1.0"
    "object-assign" "^4.1.1"
    "scheduler" "^0.20.2"

"react@>=17", "react@17", "react@17.0.2":
  "version" "17.0.2"
  dependencies:
    "loose-envify" "^1.1.0"
    "object-assign" "^4.1.1"

"rollup@^4.2.0":
  "version" "4.6.1"
  optionalDependencies:
    "@rollup/rollup-android-arm-eabi" "4.6.1"
    "@rollup/rollup-android-arm64" "4.6.1"
    "@rollup/rollup-darwin-arm64" "4.6.1"
    "@rollup/rollup-darwin-x64" "4.6.1"
    "@rollup/rollup-linux-arm-gnueabihf" "4.6.1"
    "@rollup/rollup-linux-arm64-gnu" "4.6.1"
    "@rollup/rollup-linux-arm64-musl" "4.6.1"
    "@rollup/rollup-linux-x64-gnu" "4.6.1"
    "@rollup/rollup-linux-x64-musl" "4.6.1"
    "@rollup/rollup-win32-arm64-msvc" "4.6.1"
    "@rollup/rollup-win32-ia32-msvc" "4.6.1"
    "@rollup/rollup-win32-x64-msvc" "4.6.1"
    "fsevents" "~2.3.2"

"scheduler@^0.20.2":
  "version" "0.20.2"
  dependencies:
    "loose-envify" "^1.1.0"
    "object-assign" "^4.1.1"

"source-map-js@^1.0.2":
  "version" "1.0.2"

"typescript@5.3.3":
  "integrity" "sha512-pXWcraxM0uxAS+tN0AG/BF2TyqmHO014Z070UsJ+pFvYuRSq8KH8DmWpnbXe0pEPDHXZV3FcAbJkijJ5oNEnWw=="
  "resolved" "https://registry.npmjs.org/typescript/-/typescript-5.3.3.tgz"
  "version" "5.3.3"

"vite@^5.0.6":
  "version" "5.0.6"
  dependencies:
    "esbuild" "^0.19.3"
    "postcss" "^8.4.32"
    "rollup" "^4.2.0"
  optionalDependencies:
    "fsevents" "~2.3.3"
