# THIS IS AN AUTOGENERATED FILE. DO NOT EDIT THIS FILE DIRECTLY.
# yarn lockfile v1


"agora-rtm-sdk@^1.5.1":
  "integrity" "sha512-4zMZVijEOTimIaY4VUS6kJxg7t+nTV3Frtt01Ffs6dvkOrPmpeuCu/1MX88QgAOE04IBiLo0l89ysc+woVn2FA=="
  "resolved" "https://registry.npmjs.org/agora-rtm-sdk/-/agora-rtm-sdk-1.5.1.tgz"
  "version" "1.5.1"

"uuid@^9.0.1":
  "integrity" "sha512-b+1eJOlsR9K8HJpow9Ok3fiWOWSIcIzXodvv0rQjVoOVNpWMpxf1wZNpt4y9h10odCNrqnYp1OBzRktckBe3sA=="
  "resolved" "https://registry.npmjs.org/uuid/-/uuid-9.0.1.tgz"
  "version" "9.0.1"
